
Microsoft Visual Studio Solution File, Format Version 12.00
# Visual Studio Version 16
VisualStudioVersion = 16.0.29001.49
MinimumVisualStudioVersion = 10.0.40219.1
Project("{9A19103F-16F7-4668-BE54-9A1E7A4F7556}") = "ClothingStore", "ClothingStore\ClothingStore.csproj", "{575EB914-08B2-4A86-8A38-F4EC2950C7EF}"
EndProject
Project("{FAE04EC0-301F-11D3-BF4B-00C04F79EFBC}") = "Repositories", "Repositories\Repositories.csproj", "{D542C9C9-160B-43F6-AB04-DD58646C23B8}"
EndProject
Project("{FAE04EC0-301F-11D3-BF4B-00C04F79EFBC}") = "Services", "Services\Services.csproj", "{525EB0C2-9C1D-49AC-950A-195A630D2A56}"
EndProject
Project("{FAE04EC0-301F-11D3-BF4B-00C04F79EFBC}") = "Models", "Models\Models.csproj", "{69F7220E-BF94-4502-8A07-3C8E7113E267}"
EndProject
Global
	GlobalSection(SolutionConfigurationPlatforms) = preSolution
		Debug|Any CPU = Debug|Any CPU
		Release|Any CPU = Release|Any CPU
	EndGlobalSection
	GlobalSection(ProjectConfigurationPlatforms) = postSolution
		{575EB914-08B2-4A86-8A38-F4EC2950C7EF}.Debug|Any CPU.ActiveCfg = Debug|Any CPU
		{575EB914-08B2-4A86-8A38-F4EC2950C7EF}.Debug|Any CPU.Build.0 = Debug|Any CPU
		{575EB914-08B2-4A86-8A38-F4EC2950C7EF}.Release|Any CPU.ActiveCfg = Release|Any CPU
		{575EB914-08B2-4A86-8A38-F4EC2950C7EF}.Release|Any CPU.Build.0 = Release|Any CPU
		{D542C9C9-160B-43F6-AB04-DD58646C23B8}.Debug|Any CPU.ActiveCfg = Debug|Any CPU
		{D542C9C9-160B-43F6-AB04-DD58646C23B8}.Debug|Any CPU.Build.0 = Debug|Any CPU
		{D542C9C9-160B-43F6-AB04-DD58646C23B8}.Release|Any CPU.ActiveCfg = Release|Any CPU
		{D542C9C9-160B-43F6-AB04-DD58646C23B8}.Release|Any CPU.Build.0 = Release|Any CPU
		{525EB0C2-9C1D-49AC-950A-195A630D2A56}.Debug|Any CPU.ActiveCfg = Debug|Any CPU
		{525EB0C2-9C1D-49AC-950A-195A630D2A56}.Debug|Any CPU.Build.0 = Debug|Any CPU
		{525EB0C2-9C1D-49AC-950A-195A630D2A56}.Release|Any CPU.ActiveCfg = Release|Any CPU
		{525EB0C2-9C1D-49AC-950A-195A630D2A56}.Release|Any CPU.Build.0 = Release|Any CPU
		{69F7220E-BF94-4502-8A07-3C8E7113E267}.Debug|Any CPU.ActiveCfg = Debug|Any CPU
		{69F7220E-BF94-4502-8A07-3C8E7113E267}.Debug|Any CPU.Build.0 = Debug|Any CPU
		{69F7220E-BF94-4502-8A07-3C8E7113E267}.Release|Any CPU.ActiveCfg = Release|Any CPU
		{69F7220E-BF94-4502-8A07-3C8E7113E267}.Release|Any CPU.Build.0 = Release|Any CPU
	EndGlobalSection
	GlobalSection(SolutionProperties) = preSolution
		HideSolutionNode = FALSE
	EndGlobalSection
	GlobalSection(ExtensibilityGlobals) = postSolution
		SolutionGuid = {50C25AF5-9A5A-4837-B163-A354CA719DEF}
	EndGlobalSection
EndGlobal
